{
  "lockfileVersion": 1,
  "configVersion": 1,
  "workspaces": {
    "": {
      "name": "@hami-frameworx/workspace",
    },
    "apps/hami-cli": {
      "name": "@hami-frameworx/hami-cli",
      "version": "0.2.0-dev",
      "dependencies": {
        "@hami-frameworx/core": "workspace:*",
      },
    },
    "packages/core": {
      "name": "@hami-frameworx/core",
      "version": "0.2.0-dev",
    },
  },
  "packages": {
    "@hami-frameworx/core": ["@hami-frameworx/core@workspace:packages/core"],

    "@hami-frameworx/hami-cli": ["@hami-frameworx/hami-cli@workspace:apps/hami-cli"],
  }
}
