{
  "lockfileVersion": 1,
  "workspaces": {
    "": {
      "name": "hami-monorepo",
      "devDependencies": {
        "typescript": "^5.0.0",
      },
    },
    "apps/hami-cli": {
      "name": "@hami/hami-cli",
      "version": "1.0.0",
      "bin": {
        "hami": "dist/index.js",
      },
      "dependencies": {
        "@hami/core": "workspace:*",
        "@hami/core-config-fs": "workspace:*",
        "@hami/core-fs": "workspace:*",
        "commander": "^12.0.0",
        "pocketflow": "^1.0.4",
      },
      "devDependencies": {
        "@types/node": "^20.0.0",
        "typescript": "^5.0.0",
      },
    },
    "apps/hami-server": {
      "name": "@hami/hami-server",
      "version": "1.0.0",
      "dependencies": {
        "@hami/core": "workspace:*",
        "hono": "^4.0.0",
      },
      "devDependencies": {
        "@types/node": "^20.0.0",
        "typescript": "^5.0.0",
      },
    },
    "packages/core": {
      "name": "@hami/core",
      "version": "1.0.0",
      "dependencies": {
        "pocketflow": "^1.0.4",
      },
      "devDependencies": {
        "@types/node": "^20.0.0",
        "typescript": "^5.0.0",
      },
    },
    "packages/core-config-fs": {
      "name": "@hami/core-config-fs",
      "version": "1.0.0",
      "dependencies": {
        "@hami/core": "workspace:*",
      },
      "devDependencies": {
        "@types/node": "^20.0.0",
        "typescript": "^5.0.0",
      },
    },
    "packages/core-fs": {
      "name": "@hami/core-fs",
      "version": "1.0.0",
      "dependencies": {
        "@hami/core": "workspace:*",
      },
      "devDependencies": {
        "@types/node": "^20.0.0",
        "typescript": "^5.0.0",
      },
    },
  },
  "packages": {
    "@hami/core": ["@hami/core@workspace:packages/core"],

    "@hami/core-config-fs": ["@hami/core-config-fs@workspace:packages/core-config-fs"],

    "@hami/core-fs": ["@hami/core-fs@workspace:packages/core-fs"],

    "@hami/hami-cli": ["@hami/hami-cli@workspace:apps/hami-cli"],

    "@hami/hami-server": ["@hami/hami-server@workspace:apps/hami-server"],

    "@types/node": ["@types/node@20.19.21", "", { "dependencies": { "undici-types": "~6.21.0" } }, "sha512-CsGG2P3I5y48RPMfprQGfy4JPRZ6csfC3ltBZSRItG3ngggmNY/qs2uZKp4p9VbrpqNNSMzUZNFZKzgOGnd/VA=="],

    "commander": ["commander@12.1.0", "", {}, "sha512-Vw8qHK3bZM9y/P10u3Vib8o/DdkvA2OtPtZvD871QKjy74Wj1WSKFILMPRPSdUSx5RFK1arlJzEtA4PkFgnbuA=="],

    "hono": ["hono@4.9.12", "", {}, "sha512-SrTC0YxqPwnN7yKa8gg/giLyQ2pILCKoideIHbYbFQlWZjYt68D2A4Ae1hehO/aDQ6RmTcpqOV/O2yBtMzx/VQ=="],

    "pocketflow": ["pocketflow@1.0.4", "", {}, "sha512-Lr84KTLJ48MkpT2MFhy9wb3ZuHocOWxsj7/g1eKj6q4HplWI69S1WB7acrN9XwRBTN0dz3Nzy2zOAB/H2TPiFw=="],

    "typescript": ["typescript@5.9.3", "", { "bin": { "tsc": "bin/tsc", "tsserver": "bin/tsserver" } }, "sha512-jl1vZzPDinLr9eUt3J/t7V6FgNEw9QjvBPdysz9KfQDD41fQrC2Y4vKQdiaUpFT4bXlb1RHhLpp8wtm6M5TgSw=="],

    "undici-types": ["undici-types@6.21.0", "", {}, "sha512-iwDZqg0QAGrg9Rav5H4n0M64c3mkR59cJ6wQp+7C4nI0gsmExaedaYLNO44eT4AtBBwjbTiGPMlt2Md0T9H9JQ=="],
  }
}
